
Microsoft Visual Studio Solution File, Format Version 12.00
# Visual Studio Version 17
VisualStudioVersion = 17.6.33829.357
MinimumVisualStudioVersion = 10.0.40219.1
Project("{FAE04EC0-301F-11D3-BF4B-00C04F79EFBC}") = "BlazorEcommerce.Server", "BlazorEcommerce\Server\BlazorEcommerce.Server.csproj", "{45598C2E-0C2B-4A4E-AD1C-81D13A7E06EA}"
EndProject
Project("{FAE04EC0-301F-11D3-BF4B-00C04F79EFBC}") = "BlazorEcommerce.Client", "BlazorEcommerce\Client\BlazorEcommerce.Client.csproj", "{B6E48EFF-3743-4F22-B0AE-BF274F63FD79}"
EndProject
Project("{FAE04EC0-301F-11D3-BF4B-00C04F79EFBC}") = "BlazorEcommerce.Shared", "BlazorEcommerce\Shared\BlazorEcommerce.Shared.csproj", "{5F0E4B61-933F-46DC-9CB2-C0959461E548}"
EndProject
Global
	GlobalSection(SolutionConfigurationPlatforms) = preSolution
		Debug|Any CPU = Debug|Any CPU
		Release|Any CPU = Release|Any CPU
	EndGlobalSection
	GlobalSection(ProjectConfigurationPlatforms) = postSolution
		{45598C2E-0C2B-4A4E-AD1C-81D13A7E06EA}.Debug|Any CPU.ActiveCfg = Debug|Any CPU
		{45598C2E-0C2B-4A4E-AD1C-81D13A7E06EA}.Debug|Any CPU.Build.0 = Debug|Any CPU
		{45598C2E-0C2B-4A4E-AD1C-81D13A7E06EA}.Release|Any CPU.ActiveCfg = Release|Any CPU
		{45598C2E-0C2B-4A4E-AD1C-81D13A7E06EA}.Release|Any CPU.Build.0 = Release|Any CPU
		{B6E48EFF-3743-4F22-B0AE-BF274F63FD79}.Debug|Any CPU.ActiveCfg = Debug|Any CPU
		{B6E48EFF-3743-4F22-B0AE-BF274F63FD79}.Debug|Any CPU.Build.0 = Debug|Any CPU
		{B6E48EFF-3743-4F22-B0AE-BF274F63FD79}.Release|Any CPU.ActiveCfg = Release|Any CPU
		{B6E48EFF-3743-4F22-B0AE-BF274F63FD79}.Release|Any CPU.Build.0 = Release|Any CPU
		{5F0E4B61-933F-46DC-9CB2-C0959461E548}.Debug|Any CPU.ActiveCfg = Debug|Any CPU
		{5F0E4B61-933F-46DC-9CB2-C0959461E548}.Debug|Any CPU.Build.0 = Debug|Any CPU
		{5F0E4B61-933F-46DC-9CB2-C0959461E548}.Release|Any CPU.ActiveCfg = Release|Any CPU
		{5F0E4B61-933F-46DC-9CB2-C0959461E548}.Release|Any CPU.Build.0 = Release|Any CPU
	EndGlobalSection
	GlobalSection(SolutionProperties) = preSolution
		HideSolutionNode = FALSE
	EndGlobalSection
	GlobalSection(ExtensibilityGlobals) = postSolution
		SolutionGuid = {0737AD3E-85D3-400A-A34D-CDE678474FE9}
	EndGlobalSection
EndGlobal
